
Microsoft Visual Studio Solution File, Format Version 12.00
# Visual Studio 2012
Project("{FAE04EC0-301F-11D3-BF4B-00C04F79EFBC}") = "Lab2", "Lab2\Lab2.csproj", "{E245890E-923E-41F4-B50D-A798B695DA09}"
EndProject
Global
	GlobalSection(SolutionConfigurationPlatforms) = preSolution
		Debug|x86 = Debug|x86
		Release|x86 = Release|x86
	EndGlobalSection
	GlobalSection(ProjectConfigurationPlatforms) = postSolution
		{E245890E-923E-41F4-B50D-A798B695DA09}.Debug|x86.ActiveCfg = Debug|x86
		{E245890E-923E-41F4-B50D-A798B695DA09}.Debug|x86.Build.0 = Debug|x86
		{E245890E-923E-41F4-B50D-A798B695DA09}.Release|x86.ActiveCfg = Release|x86
		{E245890E-923E-41F4-B50D-A798B695DA09}.Release|x86.Build.0 = Release|x86
	EndGlobalSection
EndGlobal
